
Microsoft Visual Studio Solution File, Format Version 12.00
# Visual Studio Version 16
VisualStudioVersion = 16.0.31702.278
MinimumVisualStudioVersion = 10.0.40219.1
Project("{FAE04EC0-301F-11D3-BF4B-00C04F79EFBC}") = "rodya", "rodya\rodya.csproj", "{AD5A6EDC-3D09-4EFE-9B50-FC8FFAE5993A}"
EndProject
Global
	GlobalSection(SolutionConfigurationPlatforms) = preSolution
		Debug|Any CPU = Debug|Any CPU
		Release|Any CPU = Release|Any CPU
	EndGlobalSection
	GlobalSection(ProjectConfigurationPlatforms) = postSolution
		{AD5A6EDC-3D09-4EFE-9B50-FC8FFAE5993A}.Debug|Any CPU.ActiveCfg = Debug|Any CPU
		{AD5A6EDC-3D09-4EFE-9B50-FC8FFAE5993A}.Debug|Any CPU.Build.0 = Debug|Any CPU
		{AD5A6EDC-3D09-4EFE-9B50-FC8FFAE5993A}.Release|Any CPU.ActiveCfg = Release|Any CPU
		{AD5A6EDC-3D09-4EFE-9B50-FC8FFAE5993A}.Release|Any CPU.Build.0 = Release|Any CPU
	EndGlobalSection
	GlobalSection(SolutionProperties) = preSolution
		HideSolutionNode = FALSE
	EndGlobalSection
	GlobalSection(ExtensibilityGlobals) = postSolution
		SolutionGuid = {1E656F74-93A8-4D7C-8E37-69208137C000}
	EndGlobalSection
EndGlobal
